
Microsoft Visual Studio Solution File, Format Version 12.00
# Visual Studio Version 17
VisualStudioVersion = 17.14.36414.22 d17.14
MinimumVisualStudioVersion = 10.0.40219.1
Project("{FAE04EC0-301F-11D3-BF4B-00C04F79EFBC}") = "Services.ParkingLot.Startup", "Services.ParkingLot.Startup\Services.ParkingLot.Startup.csproj", "{5BFB26DC-0CD7-46B2-A340-4B5A909AFA20}"
EndProject
Project("{FAE04EC0-301F-11D3-BF4B-00C04F79EFBC}") = "Services.ParkingLot.API", "Services.ParkingLot.API\Services.ParkingLot.API.csproj", "{E7B67EA3-1649-4522-A732-A5B841C60C8C}"
EndProject
Global
	GlobalSection(SolutionConfigurationPlatforms) = preSolution
		Debug|Any CPU = Debug|Any CPU
		Release|Any CPU = Release|Any CPU
	EndGlobalSection
	GlobalSection(ProjectConfigurationPlatforms) = postSolution
		{5BFB26DC-0CD7-46B2-A340-4B5A909AFA20}.Debug|Any CPU.ActiveCfg = Debug|Any CPU
		{5BFB26DC-0CD7-46B2-A340-4B5A909AFA20}.Debug|Any CPU.Build.0 = Debug|Any CPU
		{5BFB26DC-0CD7-46B2-A340-4B5A909AFA20}.Release|Any CPU.ActiveCfg = Release|Any CPU
		{5BFB26DC-0CD7-46B2-A340-4B5A909AFA20}.Release|Any CPU.Build.0 = Release|Any CPU
		{E7B67EA3-1649-4522-A732-A5B841C60C8C}.Debug|Any CPU.ActiveCfg = Debug|Any CPU
		{E7B67EA3-1649-4522-A732-A5B841C60C8C}.Debug|Any CPU.Build.0 = Debug|Any CPU
		{E7B67EA3-1649-4522-A732-A5B841C60C8C}.Release|Any CPU.ActiveCfg = Release|Any CPU
		{E7B67EA3-1649-4522-A732-A5B841C60C8C}.Release|Any CPU.Build.0 = Release|Any CPU
	EndGlobalSection
	GlobalSection(SolutionProperties) = preSolution
		HideSolutionNode = FALSE
	EndGlobalSection
	GlobalSection(ExtensibilityGlobals) = postSolution
		SolutionGuid = {397FAB7F-4CBF-4544-86AC-EC5191E62C09}
	EndGlobalSection
EndGlobal
