
Microsoft Visual Studio Solution File, Format Version 12.00
# Visual Studio Version 17
VisualStudioVersion = 17.14.36414.22 d17.14
MinimumVisualStudioVersion = 10.0.40219.1
Project("{FAE04EC0-301F-11D3-BF4B-00C04F79EFBC}") = "Service.TrafficControl.Startup", "Service.TrafficControl\Service.TrafficControl.Startup.csproj", "{8B0D39EA-D7E5-4488-894E-77C2C9675E0D}"
EndProject
Project("{FAE04EC0-301F-11D3-BF4B-00C04F79EFBC}") = "Service.TrafficControl.APIs", "Service.TrafficControl.APIs\Service.TrafficControl.APIs.csproj", "{03269DA7-160F-4275-A341-A2EFCE93B255}"
EndProject
Global
	GlobalSection(SolutionConfigurationPlatforms) = preSolution
		Debug|Any CPU = Debug|Any CPU
		Release|Any CPU = Release|Any CPU
	EndGlobalSection
	GlobalSection(ProjectConfigurationPlatforms) = postSolution
		{8B0D39EA-D7E5-4488-894E-77C2C9675E0D}.Debug|Any CPU.ActiveCfg = Debug|Any CPU
		{8B0D39EA-D7E5-4488-894E-77C2C9675E0D}.Debug|Any CPU.Build.0 = Debug|Any CPU
		{8B0D39EA-D7E5-4488-894E-77C2C9675E0D}.Release|Any CPU.ActiveCfg = Release|Any CPU
		{8B0D39EA-D7E5-4488-894E-77C2C9675E0D}.Release|Any CPU.Build.0 = Release|Any CPU
		{03269DA7-160F-4275-A341-A2EFCE93B255}.Debug|Any CPU.ActiveCfg = Debug|Any CPU
		{03269DA7-160F-4275-A341-A2EFCE93B255}.Debug|Any CPU.Build.0 = Debug|Any CPU
		{03269DA7-160F-4275-A341-A2EFCE93B255}.Release|Any CPU.ActiveCfg = Release|Any CPU
		{03269DA7-160F-4275-A341-A2EFCE93B255}.Release|Any CPU.Build.0 = Release|Any CPU
	EndGlobalSection
	GlobalSection(SolutionProperties) = preSolution
		HideSolutionNode = FALSE
	EndGlobalSection
	GlobalSection(ExtensibilityGlobals) = postSolution
		SolutionGuid = {B774716F-13EC-4A9D-8B92-032C3F1D828D}
	EndGlobalSection
EndGlobal
